Microsoft Visual Studio Solution File, Format Version 11.00
# Visual Studio 2008

Project("{B5DEA5EB-8E51-10EF-8117-5FE473DEAF96}") = "ballBounce-410", "Assembly-CSharp-vs.csproj", "{3595D6D2-D40C-E4B4-1A98-4309CB5E6D63}"
EndProject
Global
	GlobalSection(SolutionConfigurationPlatforms) = preSolution
		Debug|Any CPU = Debug|Any CPU
		Release|Any CPU = Release|Any CPU
	EndGlobalSection
	GlobalSection(ProjectConfigurationPlatforms) = postSolution
		{3595D6D2-D40C-E4B4-1A98-4309CB5E6D63}.Debug|Any CPU.ActiveCfg = Debug|Any CPU
		{3595D6D2-D40C-E4B4-1A98-4309CB5E6D63}.Debug|Any CPU.Build.0 = Debug|Any CPU
		{3595D6D2-D40C-E4B4-1A98-4309CB5E6D63}.Release|Any CPU.ActiveCfg = Release|Any CPU
		{3595D6D2-D40C-E4B4-1A98-4309CB5E6D63}.Release|Any CPU.Build.0 = Release|Any CPU
	EndGlobalSection
	GlobalSection(SolutionProperties) = preSolution
		HideSolutionNode = FALSE
	EndGlobalSection
																																												GlobalSection(MonoDevelopProperties) = preSolution
																																																									GlobalSection(MonoDevelopProperties) = preSolution
																																																																GlobalSection(MonoDevelopProperties) = preSolution
		StartupItem = Assembly-CSharp.csproj
		Policies = $0
		$0.TextStylePolicy = $1
		$1.inheritsSet = null
		$1.scope = text/x-csharp
		$0.CSharpFormattingPolicy = $2
		$2.inheritsSet = Mono
		$2.inheritsScope = text/x-csharp
		$2.scope = text/x-csharp
		$0.TextStylePolicy = $3
		$3.FileWidth = 120
		$3.TabWidth = 4
		$3.EolMarker = Unix
		$3.inheritsSet = Mono
		$3.inheritsScope = text/plain
		$3.scope = text/plain
	EndGlobalSection

EndGlobal
